{
  "version": 4,
  "terraform_version": "0.13.5",
  "serial": 28,
  "lineage": "260bac5e-c8f1-e47a-29d9-f96af47bcde7",
  "outputs": {},
  "resources": [
    {
      "mode": "managed",
      "type": "google_compute_instance",
      "name": "default",
      "provider": "provider[\"registry.terraform.io/hashicorp/google\"]",
      "instances": [
        {
          "schema_version": 6,
          "attributes": {
            "allow_stopping_for_update": null,
            "attached_disk": [],
            "boot_disk": [
              {
                "auto_delete": true,
                "device_name": "persistent-disk-0",
                "disk_encryption_key_raw": "",
                "disk_encryption_key_sha256": "",
                "initialize_params": [
                  {
                    "image": "https://www.googleapis.com/compute/v1/projects/ubuntu-os-cloud/global/images/ubuntu-1804-bionic-v20201116",
                    "labels": {},
                    "size": 16,
                    "type": "pd-standard"
                  }
                ],
                "kms_key_self_link": "",
                "mode": "READ_WRITE",
                "source": "https://www.googleapis.com/compute/v1/projects/sopes1-280618/zones/us-central1-a/disks/desde-terraform"
              }
            ],
            "can_ip_forward": false,
            "cpu_platform": "Intel Haswell",
            "current_status": "RUNNING",
            "deletion_protection": false,
            "description": "",
            "desired_status": null,
            "enable_display": false,
            "guest_accelerator": [],
            "hostname": "",
            "id": "projects/sopes1-280618/zones/us-central1-a/instances/desde-terraform",
            "instance_id": "4307072453041842203",
            "label_fingerprint": "42WmSpB8rSM=",
            "labels": null,
            "machine_type": "e2-medium",
            "metadata": {
              "ssh-keys": "DGG:ssh-rsa AAAAB3NzaC1yc2EAAAADAQABAAABgQCsWfCxPY8dOzzLEZ6m0AjU3YHzY6ienE0mDFyOLywfjK7NSzFzBfCoecTxNkwC9NCre+zLu9PCsFBVn+qaS8nlG+Tuc2dL83cxk+efMbjguDqxdWYIevRfNAYhpBWfYW+QmAc1h3OCKltEdJZxk1Mh38D6L1Jf6BjQzdcnJL+yZhAiDkKfA1TnlNPK9W3lh58BXWB1J/8OFh4Y2Bi7BIbCh7W8/FWBJkPo0mxYlR6zDcEqsf3fIO+CupG9wH75G9dGi4NfE5+qElsypiAjNb1KAYfK8dX/gvCj/kfgdcuvuXD0HkqF5lcJWG0v0R0KEeulAniqT5sywYRatgw3MALcqBdZf1nCHCbuLZRQvYWzAmLKzLVVGReFO99juFMPTpIe5a8AODmT0KrVmrWLRR+30UgMNN6YeHnUXU8E54z9EAPXHQPvTcwdA8BjwduK4KxjO/RsghQmmYdpQkw6n4XQBaVRUM/U5uUczB91ZptK+/Yf+4jFHNslrM+VHpfD1DU= DGG@localhost"
            },
            "metadata_fingerprint": "Xu7wcVwOOFg=",
            "metadata_startup_script": "sudo apt-get update; sudo apt-get install -y docker.io; sudo docker run -it --name miweb -p 80:80 -d nginx",
            "min_cpu_platform": "",
            "name": "desde-terraform",
            "network_interface": [
              {
                "access_config": [
                  {
                    "nat_ip": "35.239.249.6",
                    "network_tier": "PREMIUM",
                    "public_ptr_domain_name": ""
                  }
                ],
                "alias_ip_range": [],
                "name": "nic0",
                "network": "https://www.googleapis.com/compute/v1/projects/sopes1-280618/global/networks/default",
                "network_ip": "10.128.15.221",
                "subnetwork": "https://www.googleapis.com/compute/v1/projects/sopes1-280618/regions/us-central1/subnetworks/default",
                "subnetwork_project": "sopes1-280618"
              }
            ],
            "project": "sopes1-280618",
            "resource_policies": null,
            "scheduling": [
              {
                "automatic_restart": true,
                "node_affinities": [],
                "on_host_maintenance": "MIGRATE",
                "preemptible": false
              }
            ],
            "scratch_disk": [],
            "self_link": "https://www.googleapis.com/compute/v1/projects/sopes1-280618/zones/us-central1-a/instances/desde-terraform",
            "service_account": [],
            "shielded_instance_config": [
              {
                "enable_integrity_monitoring": true,
                "enable_secure_boot": false,
                "enable_vtpm": true
              }
            ],
            "tags": [
              "http-server",
              "https-server",
              "todo-entra",
              "todo-sale"
            ],
            "tags_fingerprint": "PQX84VGqpHQ=",
            "timeouts": null,
            "zone": "us-central1-a"
          },
          "private": "eyJlMmJmYjczMC1lY2FhLTExZTYtOGY4OC0zNDM2M2JjN2M0YzAiOnsiY3JlYXRlIjoxMjAwMDAwMDAwMDAwLCJkZWxldGUiOjEyMDAwMDAwMDAwMDAsInVwZGF0ZSI6MTIwMDAwMDAwMDAwMH0sInNjaGVtYV92ZXJzaW9uIjoiNiJ9"
        }
      ]
    }
  ]
}
